
Microsoft Visual Studio Solution File, Format Version 12.00
# Visual Studio Version 17
VisualStudioVersion = 17.6.33829.357
MinimumVisualStudioVersion = 10.0.40219.1
Project("{FAE04EC0-301F-11D3-BF4B-00C04F79EFBC}") = "CryptographyMentoring", "CryptographyMentoring\CryptographyMentoring.csproj", "{8D859A79-A76E-46E1-854C-8E96EFBE8615}"
EndProject
Global
	GlobalSection(SolutionConfigurationPlatforms) = preSolution
		Debug|Any CPU = Debug|Any CPU
		Release|Any CPU = Release|Any CPU
	EndGlobalSection
	GlobalSection(ProjectConfigurationPlatforms) = postSolution
		{8D859A79-A76E-46E1-854C-8E96EFBE8615}.Debug|Any CPU.ActiveCfg = Debug|Any CPU
		{8D859A79-A76E-46E1-854C-8E96EFBE8615}.Debug|Any CPU.Build.0 = Debug|Any CPU
		{8D859A79-A76E-46E1-854C-8E96EFBE8615}.Release|Any CPU.ActiveCfg = Release|Any CPU
		{8D859A79-A76E-46E1-854C-8E96EFBE8615}.Release|Any CPU.Build.0 = Release|Any CPU
	EndGlobalSection
	GlobalSection(SolutionProperties) = preSolution
		HideSolutionNode = FALSE
	EndGlobalSection
	GlobalSection(ExtensibilityGlobals) = postSolution
		SolutionGuid = {8531D8D3-91F0-4260-8C32-887EB03FAFA5}
	EndGlobalSection
EndGlobal
